
Microsoft Visual Studio Solution File, Format Version 12.00
# Visual Studio Version 16
VisualStudioVersion = 16.0.29709.97
MinimumVisualStudioVersion = 10.0.40219.1
Project("{FAE04EC0-301F-11D3-BF4B-00C04F79EFBC}") = "WebApplication2", "WebApplication2.csproj", "{F55069B2-F1A2-404D-B2E6-47C32AB1EC8A}"
EndProject
Global
	GlobalSection(SolutionConfigurationPlatforms) = preSolution
		Debug|Any CPU = Debug|Any CPU
		Release|Any CPU = Release|Any CPU
	EndGlobalSection
	GlobalSection(ProjectConfigurationPlatforms) = postSolution
		{F55069B2-F1A2-404D-B2E6-47C32AB1EC8A}.Debug|Any CPU.ActiveCfg = Debug|Any CPU
		{F55069B2-F1A2-404D-B2E6-47C32AB1EC8A}.Debug|Any CPU.Build.0 = Debug|Any CPU
		{F55069B2-F1A2-404D-B2E6-47C32AB1EC8A}.Release|Any CPU.ActiveCfg = Release|Any CPU
		{F55069B2-F1A2-404D-B2E6-47C32AB1EC8A}.Release|Any CPU.Build.0 = Release|Any CPU
	EndGlobalSection
	GlobalSection(SolutionProperties) = preSolution
		HideSolutionNode = FALSE
	EndGlobalSection
	GlobalSection(ExtensibilityGlobals) = postSolution
		SolutionGuid = {EE67BD59-D420-4DF9-8F32-E15FA8663DC0}
	EndGlobalSection
EndGlobal
